
Microsoft Visual Studio Solution File, Format Version 12.00
# Visual Studio Version 17
VisualStudioVersion = 17.10.35013.160
MinimumVisualStudioVersion = 10.0.40219.1
Project("{8BC9CEB8-8B4A-11D0-8D11-00A0C91BC942}") = "mainProject", "mainProject\mainProject.vcxproj", "{4179646C-0057-4290-845C-3DB6A15792EF}"
EndProject
Project("{8BC9CEB8-8B4A-11D0-8D11-00A0C91BC942}") = "Mytests", "Mytests\Mytests.vcxproj", "{D9FE0DCE-9B0B-4646-8672-F71B0DABBDDE}"
EndProject
Global
	GlobalSection(SolutionConfigurationPlatforms) = preSolution
		Debug|x64 = Debug|x64
		Debug|x86 = Debug|x86
		Release|x64 = Release|x64
		Release|x86 = Release|x86
	EndGlobalSection
	GlobalSection(ProjectConfigurationPlatforms) = postSolution
		{4179646C-0057-4290-845C-3DB6A15792EF}.Debug|x64.ActiveCfg = Debug|x64
		{4179646C-0057-4290-845C-3DB6A15792EF}.Debug|x64.Build.0 = Debug|x64
		{4179646C-0057-4290-845C-3DB6A15792EF}.Debug|x86.ActiveCfg = Debug|Win32
		{4179646C-0057-4290-845C-3DB6A15792EF}.Debug|x86.Build.0 = Debug|Win32
		{4179646C-0057-4290-845C-3DB6A15792EF}.Release|x64.ActiveCfg = Release|x64
		{4179646C-0057-4290-845C-3DB6A15792EF}.Release|x64.Build.0 = Release|x64
		{4179646C-0057-4290-845C-3DB6A15792EF}.Release|x86.ActiveCfg = Release|Win32
		{4179646C-0057-4290-845C-3DB6A15792EF}.Release|x86.Build.0 = Release|Win32
		{D9FE0DCE-9B0B-4646-8672-F71B0DABBDDE}.Debug|x64.ActiveCfg = Debug|x64
		{D9FE0DCE-9B0B-4646-8672-F71B0DABBDDE}.Debug|x64.Build.0 = Debug|x64
		{D9FE0DCE-9B0B-4646-8672-F71B0DABBDDE}.Debug|x86.ActiveCfg = Debug|Win32
		{D9FE0DCE-9B0B-4646-8672-F71B0DABBDDE}.Debug|x86.Build.0 = Debug|Win32
		{D9FE0DCE-9B0B-4646-8672-F71B0DABBDDE}.Release|x64.ActiveCfg = Release|x64
		{D9FE0DCE-9B0B-4646-8672-F71B0DABBDDE}.Release|x64.Build.0 = Release|x64
		{D9FE0DCE-9B0B-4646-8672-F71B0DABBDDE}.Release|x86.ActiveCfg = Release|Win32
		{D9FE0DCE-9B0B-4646-8672-F71B0DABBDDE}.Release|x86.Build.0 = Release|Win32
	EndGlobalSection
	GlobalSection(SolutionProperties) = preSolution
		HideSolutionNode = FALSE
	EndGlobalSection
	GlobalSection(ExtensibilityGlobals) = postSolution
		SolutionGuid = {BC0BFC7C-45A9-473D-8771-ED416392538C}
	EndGlobalSection
EndGlobal
